
Microsoft Visual Studio Solution File, Format Version 12.00
# Visual Studio Version 17
VisualStudioVersion = 17.14.36623.8
MinimumVisualStudioVersion = 10.0.40219.1
Project("{FAE04EC0-301F-11D3-BF4B-00C04F79EFBC}") = "ConstructFlow.Domain", "ConstructFlow.Domain\ConstructFlow.Domain.csproj", "{1AA72DF6-0D3F-4D10-B5F2-5AC1A94221FB}"
EndProject
Project("{FAE04EC0-301F-11D3-BF4B-00C04F79EFBC}") = "ConstructFlow.Application", "ConstructFlow.Application\ConstructFlow.Application.csproj", "{CF62A6BB-F8E5-4994-8468-ED0FD5072701}"
EndProject
Project("{FAE04EC0-301F-11D3-BF4B-00C04F79EFBC}") = "ConstructFlow.Infrastructure", "ConstructFlow.Infrastructure\ConstructFlow.Infrastructure.csproj", "{3C8E4CA4-96EA-44E3-9E0E-9DBE0A18E08F}"
EndProject
Project("{FAE04EC0-301F-11D3-BF4B-00C04F79EFBC}") = "ConstructFlow.Contracts", "ConstructFlow.Contracts\ConstructFlow.Contracts.csproj", "{A673E60F-647D-4DE7-9D84-B826D072BEBE}"
EndProject
Project("{FAE04EC0-301F-11D3-BF4B-00C04F79EFBC}") = "ConstructFlow.API", "ConstructFlow.API\ConstructFlow.API.csproj", "{08B1AFD2-DD4B-4DDC-88C5-247EC815AE68}"
EndProject
Project("{2150E333-8FDC-42A3-9474-1A3956D46DE8}") = "src", "src", "{02EA681E-C7D8-13C7-8484-4AC65E1B71E8}"
EndProject
Project("{FAE04EC0-301F-11D3-BF4B-00C04F79EFBC}") = "ConstructFlow.Web", "ConstructFlow.Web\ConstructFlow.Web.csproj", "{49C7A4F1-1C22-4612-9710-8B1C8BE8B512}"
EndProject
Project("{2150E333-8FDC-42A3-9474-1A3956D46DE8}") = "client", "client", "{597BA907-58EB-4B81-A686-E57B4CA36EBB}"
EndProject
Project("{00D1A9C2-B5F0-4AF3-8072-F6C62B433612}") = "ConstructFlow.Database", "ConstructFlow.Database\ConstructFlow.Database.sqlproj", "{2E3A4FB2-D62C-480B-9375-5B297D2FBE57}"
EndProject
Project("{2150E333-8FDC-42A3-9474-1A3956D46DE8}") = ".github", ".github", "{B3F0E5D6-E456-4C6A-B518-0DBAFDB5458F}"
EndProject
Project("{2150E333-8FDC-42A3-9474-1A3956D46DE8}") = "workflows", "workflows", "{017FE2E4-C9A2-4223-9D54-95EBDA2094B3}"
	ProjectSection(SolutionItems) = preProject
		deploy-pages.yml = deploy-pages.yml
	EndProjectSection
EndProject
Global
	GlobalSection(SolutionConfigurationPlatforms) = preSolution
		Debug|Any CPU = Debug|Any CPU
		Release|Any CPU = Release|Any CPU
	EndGlobalSection
	GlobalSection(ProjectConfigurationPlatforms) = postSolution
		{1AA72DF6-0D3F-4D10-B5F2-5AC1A94221FB}.Debug|Any CPU.ActiveCfg = Debug|Any CPU
		{1AA72DF6-0D3F-4D10-B5F2-5AC1A94221FB}.Debug|Any CPU.Build.0 = Debug|Any CPU
		{1AA72DF6-0D3F-4D10-B5F2-5AC1A94221FB}.Release|Any CPU.ActiveCfg = Release|Any CPU
		{1AA72DF6-0D3F-4D10-B5F2-5AC1A94221FB}.Release|Any CPU.Build.0 = Release|Any CPU
		{CF62A6BB-F8E5-4994-8468-ED0FD5072701}.Debug|Any CPU.ActiveCfg = Debug|Any CPU
		{CF62A6BB-F8E5-4994-8468-ED0FD5072701}.Debug|Any CPU.Build.0 = Debug|Any CPU
		{CF62A6BB-F8E5-4994-8468-ED0FD5072701}.Release|Any CPU.ActiveCfg = Release|Any CPU
		{CF62A6BB-F8E5-4994-8468-ED0FD5072701}.Release|Any CPU.Build.0 = Release|Any CPU
		{3C8E4CA4-96EA-44E3-9E0E-9DBE0A18E08F}.Debug|Any CPU.ActiveCfg = Debug|Any CPU
		{3C8E4CA4-96EA-44E3-9E0E-9DBE0A18E08F}.Debug|Any CPU.Build.0 = Debug|Any CPU
		{3C8E4CA4-96EA-44E3-9E0E-9DBE0A18E08F}.Release|Any CPU.ActiveCfg = Release|Any CPU
		{3C8E4CA4-96EA-44E3-9E0E-9DBE0A18E08F}.Release|Any CPU.Build.0 = Release|Any CPU
		{A673E60F-647D-4DE7-9D84-B826D072BEBE}.Debug|Any CPU.ActiveCfg = Debug|Any CPU
		{A673E60F-647D-4DE7-9D84-B826D072BEBE}.Debug|Any CPU.Build.0 = Debug|Any CPU
		{A673E60F-647D-4DE7-9D84-B826D072BEBE}.Release|Any CPU.ActiveCfg = Release|Any CPU
		{A673E60F-647D-4DE7-9D84-B826D072BEBE}.Release|Any CPU.Build.0 = Release|Any CPU
		{08B1AFD2-DD4B-4DDC-88C5-247EC815AE68}.Debug|Any CPU.ActiveCfg = Debug|Any CPU
		{08B1AFD2-DD4B-4DDC-88C5-247EC815AE68}.Debug|Any CPU.Build.0 = Debug|Any CPU
		{08B1AFD2-DD4B-4DDC-88C5-247EC815AE68}.Release|Any CPU.ActiveCfg = Release|Any CPU
		{08B1AFD2-DD4B-4DDC-88C5-247EC815AE68}.Release|Any CPU.Build.0 = Release|Any CPU
		{49C7A4F1-1C22-4612-9710-8B1C8BE8B512}.Debug|Any CPU.ActiveCfg = Debug|Any CPU
		{49C7A4F1-1C22-4612-9710-8B1C8BE8B512}.Debug|Any CPU.Build.0 = Debug|Any CPU
		{49C7A4F1-1C22-4612-9710-8B1C8BE8B512}.Release|Any CPU.ActiveCfg = Release|Any CPU
		{49C7A4F1-1C22-4612-9710-8B1C8BE8B512}.Release|Any CPU.Build.0 = Release|Any CPU
		{2E3A4FB2-D62C-480B-9375-5B297D2FBE57}.Debug|Any CPU.ActiveCfg = Debug|Any CPU
		{2E3A4FB2-D62C-480B-9375-5B297D2FBE57}.Debug|Any CPU.Build.0 = Debug|Any CPU
		{2E3A4FB2-D62C-480B-9375-5B297D2FBE57}.Debug|Any CPU.Deploy.0 = Debug|Any CPU
		{2E3A4FB2-D62C-480B-9375-5B297D2FBE57}.Release|Any CPU.ActiveCfg = Release|Any CPU
		{2E3A4FB2-D62C-480B-9375-5B297D2FBE57}.Release|Any CPU.Build.0 = Release|Any CPU
		{2E3A4FB2-D62C-480B-9375-5B297D2FBE57}.Release|Any CPU.Deploy.0 = Release|Any CPU
	EndGlobalSection
	GlobalSection(SolutionProperties) = preSolution
		HideSolutionNode = FALSE
	EndGlobalSection
	GlobalSection(NestedProjects) = preSolution
		{1AA72DF6-0D3F-4D10-B5F2-5AC1A94221FB} = {02EA681E-C7D8-13C7-8484-4AC65E1B71E8}
		{CF62A6BB-F8E5-4994-8468-ED0FD5072701} = {02EA681E-C7D8-13C7-8484-4AC65E1B71E8}
		{3C8E4CA4-96EA-44E3-9E0E-9DBE0A18E08F} = {02EA681E-C7D8-13C7-8484-4AC65E1B71E8}
		{A673E60F-647D-4DE7-9D84-B826D072BEBE} = {02EA681E-C7D8-13C7-8484-4AC65E1B71E8}
		{08B1AFD2-DD4B-4DDC-88C5-247EC815AE68} = {02EA681E-C7D8-13C7-8484-4AC65E1B71E8}
		{49C7A4F1-1C22-4612-9710-8B1C8BE8B512} = {597BA907-58EB-4B81-A686-E57B4CA36EBB}
		{017FE2E4-C9A2-4223-9D54-95EBDA2094B3} = {B3F0E5D6-E456-4C6A-B518-0DBAFDB5458F}
	EndGlobalSection
	GlobalSection(ExtensibilityGlobals) = postSolution
		SolutionGuid = {C26CC5C9-C60E-4B2A-81F0-F7FEB80982C9}
	EndGlobalSection
EndGlobal
